
Microsoft Visual Studio Solution File, Format Version 12.00
# Visual Studio Version 17
VisualStudioVersion = 17.8.34330.188
MinimumVisualStudioVersion = 10.0.40219.1
Project("{FAE04EC0-301F-11D3-BF4B-00C04F79EFBC}") = "MauiApp1", "MauiApp1\MauiApp1.csproj", "{DEC415B9-C11C-41C1-8C02-CF4618AD42D8}"
EndProject
Global
	GlobalSection(SolutionConfigurationPlatforms) = preSolution
		Debug|Any CPU = Debug|Any CPU
		Release|Any CPU = Release|Any CPU
	EndGlobalSection
	GlobalSection(ProjectConfigurationPlatforms) = postSolution
		{DEC415B9-C11C-41C1-8C02-CF4618AD42D8}.Debug|Any CPU.ActiveCfg = Debug|Any CPU
		{DEC415B9-C11C-41C1-8C02-CF4618AD42D8}.Debug|Any CPU.Build.0 = Debug|Any CPU
		{DEC415B9-C11C-41C1-8C02-CF4618AD42D8}.Debug|Any CPU.Deploy.0 = Debug|Any CPU
		{DEC415B9-C11C-41C1-8C02-CF4618AD42D8}.Release|Any CPU.ActiveCfg = Release|Any CPU
		{DEC415B9-C11C-41C1-8C02-CF4618AD42D8}.Release|Any CPU.Build.0 = Release|Any CPU
		{DEC415B9-C11C-41C1-8C02-CF4618AD42D8}.Release|Any CPU.Deploy.0 = Release|Any CPU
	EndGlobalSection
	GlobalSection(SolutionProperties) = preSolution
		HideSolutionNode = FALSE
	EndGlobalSection
	GlobalSection(ExtensibilityGlobals) = postSolution
		SolutionGuid = {4EEEE9BE-0094-420D-8DD6-6D0E0AF2D72E}
	EndGlobalSection
EndGlobal
